
Microsoft Visual Studio Solution File, Format Version 12.00
# Visual Studio Version 17
VisualStudioVersion = 17.13.35806.99 d17.13
MinimumVisualStudioVersion = 10.0.40219.1
Project("{FAE04EC0-301F-11D3-BF4B-00C04F79EFBC}") = "RestaurantAPI", "RestaurantAPI\RestaurantAPI.csproj", "{F52B8171-2FB1-4298-A2F9-7E17CBFBFCAB}"
EndProject
Global
	GlobalSection(SolutionConfigurationPlatforms) = preSolution
		Debug|Any CPU = Debug|Any CPU
		Release|Any CPU = Release|Any CPU
	EndGlobalSection
	GlobalSection(ProjectConfigurationPlatforms) = postSolution
		{F52B8171-2FB1-4298-A2F9-7E17CBFBFCAB}.Debug|Any CPU.ActiveCfg = Debug|Any CPU
		{F52B8171-2FB1-4298-A2F9-7E17CBFBFCAB}.Debug|Any CPU.Build.0 = Debug|Any CPU
		{F52B8171-2FB1-4298-A2F9-7E17CBFBFCAB}.Release|Any CPU.ActiveCfg = Release|Any CPU
		{F52B8171-2FB1-4298-A2F9-7E17CBFBFCAB}.Release|Any CPU.Build.0 = Release|Any CPU
	EndGlobalSection
	GlobalSection(SolutionProperties) = preSolution
		HideSolutionNode = FALSE
	EndGlobalSection
	GlobalSection(ExtensibilityGlobals) = postSolution
		SolutionGuid = {489CF988-B792-496C-92C9-CC760F45C3AA}
	EndGlobalSection
EndGlobal
